
Microsoft Visual Studio Solution File, Format Version 12.00
# Visual Studio Version 17
VisualStudioVersion = 17.7.34031.279
MinimumVisualStudioVersion = 10.0.40219.1
Project("{2150E333-8FDC-42A3-9474-1A3956D46DE8}") = "Core", "Core", "{1DABF752-D117-406C-8E55-8CB293D9A8E0}"
EndProject
Project("{FAE04EC0-301F-11D3-BF4B-00C04F79EFBC}") = "SportAPI.Domain", "Core\SportAPI.Domain\SportAPI.Domain.csproj", "{C4B92F7B-14B8-4304-8C4A-360AA6971538}"
EndProject
Project("{FAE04EC0-301F-11D3-BF4B-00C04F79EFBC}") = "SportAPI.Application", "Core\SportAPI.Application\SportAPI.Application.csproj", "{E1E95511-8501-4B07-B10B-9716BD4AC4D8}"
EndProject
Project("{2150E333-8FDC-42A3-9474-1A3956D46DE8}") = "Infrastructure", "Infrastructure", "{E2652FD6-A5CC-432F-ABF3-01B951ADF6C9}"
EndProject
Project("{FAE04EC0-301F-11D3-BF4B-00C04F79EFBC}") = "SportAPI.Infrastructure", "Infrastructure\SportAPI.Infrastructure\SportAPI.Infrastructure.csproj", "{860DE6B7-77D4-40D0-AD59-48E99858CA4F}"
EndProject
Project("{FAE04EC0-301F-11D3-BF4B-00C04F79EFBC}") = "SportAPI.Persistance", "Infrastructure\SportApı.Persistance\SportAPI.Persistance.csproj", "{49002CEE-5C2F-4C14-BC7D-F17332D087D7}"
EndProject
Project("{2150E333-8FDC-42A3-9474-1A3956D46DE8}") = "Presentation", "Presentation", "{AE816996-43DF-41B5-A522-D69805E31D2E}"
EndProject
Project("{FAE04EC0-301F-11D3-BF4B-00C04F79EFBC}") = "SportAPI.API", "Presentation\SportAPI.API\SportAPI.API.csproj", "{20B9682D-23DB-435D-ACED-F5460BB5E989}"
EndProject
Global
	GlobalSection(SolutionConfigurationPlatforms) = preSolution
		Debug|Any CPU = Debug|Any CPU
		Release|Any CPU = Release|Any CPU
	EndGlobalSection
	GlobalSection(ProjectConfigurationPlatforms) = postSolution
		{C4B92F7B-14B8-4304-8C4A-360AA6971538}.Debug|Any CPU.ActiveCfg = Debug|Any CPU
		{C4B92F7B-14B8-4304-8C4A-360AA6971538}.Debug|Any CPU.Build.0 = Debug|Any CPU
		{C4B92F7B-14B8-4304-8C4A-360AA6971538}.Release|Any CPU.ActiveCfg = Release|Any CPU
		{C4B92F7B-14B8-4304-8C4A-360AA6971538}.Release|Any CPU.Build.0 = Release|Any CPU
		{E1E95511-8501-4B07-B10B-9716BD4AC4D8}.Debug|Any CPU.ActiveCfg = Debug|Any CPU
		{E1E95511-8501-4B07-B10B-9716BD4AC4D8}.Debug|Any CPU.Build.0 = Debug|Any CPU
		{E1E95511-8501-4B07-B10B-9716BD4AC4D8}.Release|Any CPU.ActiveCfg = Release|Any CPU
		{E1E95511-8501-4B07-B10B-9716BD4AC4D8}.Release|Any CPU.Build.0 = Release|Any CPU
		{860DE6B7-77D4-40D0-AD59-48E99858CA4F}.Debug|Any CPU.ActiveCfg = Debug|Any CPU
		{860DE6B7-77D4-40D0-AD59-48E99858CA4F}.Debug|Any CPU.Build.0 = Debug|Any CPU
		{860DE6B7-77D4-40D0-AD59-48E99858CA4F}.Release|Any CPU.ActiveCfg = Release|Any CPU
		{860DE6B7-77D4-40D0-AD59-48E99858CA4F}.Release|Any CPU.Build.0 = Release|Any CPU
		{49002CEE-5C2F-4C14-BC7D-F17332D087D7}.Debug|Any CPU.ActiveCfg = Debug|Any CPU
		{49002CEE-5C2F-4C14-BC7D-F17332D087D7}.Debug|Any CPU.Build.0 = Debug|Any CPU
		{49002CEE-5C2F-4C14-BC7D-F17332D087D7}.Release|Any CPU.ActiveCfg = Release|Any CPU
		{49002CEE-5C2F-4C14-BC7D-F17332D087D7}.Release|Any CPU.Build.0 = Release|Any CPU
		{20B9682D-23DB-435D-ACED-F5460BB5E989}.Debug|Any CPU.ActiveCfg = Debug|Any CPU
		{20B9682D-23DB-435D-ACED-F5460BB5E989}.Debug|Any CPU.Build.0 = Debug|Any CPU
		{20B9682D-23DB-435D-ACED-F5460BB5E989}.Release|Any CPU.ActiveCfg = Release|Any CPU
		{20B9682D-23DB-435D-ACED-F5460BB5E989}.Release|Any CPU.Build.0 = Release|Any CPU
	EndGlobalSection
	GlobalSection(SolutionProperties) = preSolution
		HideSolutionNode = FALSE
	EndGlobalSection
	GlobalSection(NestedProjects) = preSolution
		{C4B92F7B-14B8-4304-8C4A-360AA6971538} = {1DABF752-D117-406C-8E55-8CB293D9A8E0}
		{E1E95511-8501-4B07-B10B-9716BD4AC4D8} = {1DABF752-D117-406C-8E55-8CB293D9A8E0}
		{860DE6B7-77D4-40D0-AD59-48E99858CA4F} = {E2652FD6-A5CC-432F-ABF3-01B951ADF6C9}
		{49002CEE-5C2F-4C14-BC7D-F17332D087D7} = {E2652FD6-A5CC-432F-ABF3-01B951ADF6C9}
		{20B9682D-23DB-435D-ACED-F5460BB5E989} = {AE816996-43DF-41B5-A522-D69805E31D2E}
	EndGlobalSection
	GlobalSection(ExtensibilityGlobals) = postSolution
		SolutionGuid = {08472C43-5E5D-4A9B-86B8-A1A4EAE4CDCD}
	EndGlobalSection
EndGlobal
